// !$*UTF8*$!
{
	archiveVersion = 1;
	classes = {
	};
	objectVersion = 46;
	objects = {

/* Begin PBXAggregateTarget section */
		B1F7F1F6E4DD62624A187E0B /* All */ = {
			isa = PBXAggregateTarget;
			buildConfigurationList = 461EB55C29119EA4666030EA /* Build configuration list for PBXAggregateTarget "All" */;
			buildPhases = (
			);
			dependencies = (
				CD28219625F0E2E434B9817D /* PBXTargetDependency */,
				B4DC1186C9A5F772DF5B253D /* PBXTargetDependency */,
			);
			name = All;
			productName = All;
		};
/* End PBXAggregateTarget section */

/* Begin PBXBuildFile section */
		03EFCB44DB263254DD7D233C /* OAKLIBDish+Private.mm in Sources */ = {isa = PBXBuildFile; fileRef = 0418310D9FB32E052076773C /* OAKLIBDish+Private.mm */; };
		172364D24BAED0956DB9AD09 /* NativeDish.cpp in Sources */ = {isa = PBXBuildFile; fileRef = 8BF6B8FBC3A0A20B3BE6519B /* NativeDish.cpp */; };
		1781321F0FC44BB9B0E3449B /* OAKLIBSandwich+Private.mm in Sources */ = {isa = PBXBuildFile; fileRef = 5E82814CE3BCDCEED8880E39 /* OAKLIBSandwich+Private.mm */; };
		205EDB2AB1DD1C827B4157C9 /* libdjinni_jni.a in Frameworks */ = {isa = PBXBuildFile; fileRef = 3ACF1B8C3A9424E16A8D4353 /* libdjinni_jni.a */; };
		2231DE5A124A24C9557AA2DE /* OAKLIBTest+Private.mm in Sources */ = {isa = PBXBuildFile; fileRef = E60AA69051935A356B481127 /* OAKLIBTest+Private.mm */; };
		2791ED76F5ECCCA5BF469EC0 /* NativeService.cpp in Sources */ = {isa = PBXBuildFile; fileRef = 9D5EE267CFFED1FCAEF36DDD /* NativeService.cpp */; };
		32BBA24A598C77C12E50B78D /* OAKLIBSimpleCursor+Private.mm in Sources */ = {isa = PBXBuildFile; fileRef = 0B52C932486833D9CD255CE4 /* OAKLIBSimpleCursor+Private.mm */; };
		4A1CF8C0F7275DB4B740CF7E /* OAKLIBHandler+Private.mm in Sources */ = {isa = PBXBuildFile; fileRef = CB7B18059184CD48F7706F38 /* OAKLIBHandler+Private.mm */; };
		4A7D21173FAA9D71715FBA87 /* OAKLIBProduct+Private.mm in Sources */ = {isa = PBXBuildFile; fileRef = 60E0F5EBA7104D705F8D0324 /* OAKLIBProduct+Private.mm */; };
		4AA84460292C89FA8EF45A44 /* OAKLIBRecipe+Private.mm in Sources */ = {isa = PBXBuildFile; fileRef = 1AFEC0C75733F6FF5C190962 /* OAKLIBRecipe+Private.mm */; };
		4D3BC84651B4F7F9D2910210 /* OAKLIBSystem+Private.mm in Sources */ = {isa = PBXBuildFile; fileRef = 28E40FA78D1903AD5218A0F9 /* OAKLIBSystem+Private.mm */; };
		5E99D95DE390FDDC19CF30DF /* NativeSimpleCursor.cpp in Sources */ = {isa = PBXBuildFile; fileRef = BDB6B88674FD872A0CA346F0 /* NativeSimpleCursor.cpp */; };
		6065C421A7C97446D0F85147 /* djinni_main.cpp in Sources */ = {isa = PBXBuildFile; fileRef = D4215ED67FBCBE8A367F75A5 /* djinni_main.cpp */; };
		8414E2798D32D2802E43725F /* NativeProduct.cpp in Sources */ = {isa = PBXBuildFile; fileRef = 04F908E8AF230A5C5AB072F0 /* NativeProduct.cpp */; };
		8BF6AC6CB940E5C6312C17E8 /* NativeApi.cpp in Sources */ = {isa = PBXBuildFile; fileRef = F84EB1F9E73AEC9C36D204C9 /* NativeApi.cpp */; };
		9277265E050AA193A681123D /* NativeRunnable.cpp in Sources */ = {isa = PBXBuildFile; fileRef = 182360D6FF585F2D0074CF51 /* NativeRunnable.cpp */; };
		9A12A9EE609973D3F3EAB850 /* OAKLIBServiceBinder+Private.mm in Sources */ = {isa = PBXBuildFile; fileRef = D2EA50E20C65216BC99FAABE /* OAKLIBServiceBinder+Private.mm */; };
		A170F19278BCAA1198ABA2EB /* OAKLIBService+Private.mm in Sources */ = {isa = PBXBuildFile; fileRef = 5623EC024223A7F476D7CFC8 /* OAKLIBService+Private.mm */; };
		A2D5F591C22E3928AD7715CC /* NativeServiceBinder.cpp in Sources */ = {isa = PBXBuildFile; fileRef = A1CD0AFF7C933F6DF966B503 /* NativeServiceBinder.cpp */; };
		A48AC79386898AB2872A4FA0 /* NativeHandler.cpp in Sources */ = {isa = PBXBuildFile; fileRef = 204399B72107F19EDA1BFEBD /* NativeHandler.cpp */; };
		ACDE180C0A1BF297B883E307 /* OAKLIBRunnable+Private.mm in Sources */ = {isa = PBXBuildFile; fileRef = 12EBA50D235F90A0725D5917 /* OAKLIBRunnable+Private.mm */; };
		AE74EF1FB639B79CE2A9FBDC /* OAKLIBChef+Private.mm in Sources */ = {isa = PBXBuildFile; fileRef = 28A491D28B2BFDC6C6915454 /* OAKLIBChef+Private.mm */; };
		BD5A4BC5A34EA95AF2BED59D /* OAKLIBApi+Private.mm in Sources */ = {isa = PBXBuildFile; fileRef = 54B8318706967E7440ED5B36 /* OAKLIBApi+Private.mm */; };
		CB79660CBAD8A19E048363B2 /* NativeChef.cpp in Sources */ = {isa = PBXBuildFile; fileRef = CFD757AC0D6AC4C018340E58 /* NativeChef.cpp */; };
		CF7039B85DD4D77650E6F67D /* NativeSystem.cpp in Sources */ = {isa = PBXBuildFile; fileRef = 5F24D926CDDFDB18B8DE3B15 /* NativeSystem.cpp */; };
		E6455C27C77E007F0A53150F /* NativeRecipe.cpp in Sources */ = {isa = PBXBuildFile; fileRef = 2DC4B19A2B5410FA7CF6B899 /* NativeRecipe.cpp */; };
		F44541FDA60785EC2B8EB81B /* NativeTest.cpp in Sources */ = {isa = PBXBuildFile; fileRef = D778890970FE89324AB789B7 /* NativeTest.cpp */; };
		F6482EB59A4D03B9443E0854 /* NativeSandwich.cpp in Sources */ = {isa = PBXBuildFile; fileRef = 07AB9FE8A88BE57C706B9D5E /* NativeSandwich.cpp */; };
/* End PBXBuildFile section */

/* Begin PBXContainerItemProxy section */
		15C5AFCB26FE59D379463017 /* PBXContainerItemProxy */ = {
			isa = PBXContainerItemProxy;
			containerPortal = 8834BA4821208BB04DC6D877 /* Project object */;
			proxyType = 1;
			remoteGlobalIDString = D8F3FF35F1E09B25F32DBE5F;
			remoteInfo = libexample_objc;
		};
		4A9DED68E3FE03D56E3BDA7E /* PBXContainerItemProxy */ = {
			isa = PBXContainerItemProxy;
			containerPortal = F3755D86C9E443EAEF036912 /* support_lib.xcodeproj */;
			proxyType = 1;
			remoteGlobalIDString = AD97C5F2356EF26110758A40;
			remoteInfo = djinni_jni;
		};
		AF0DFEB2AA3B26B830C6716F /* PBXContainerItemProxy */ = {
			isa = PBXContainerItemProxy;
			containerPortal = 8834BA4821208BB04DC6D877 /* Project object */;
			proxyType = 1;
			remoteGlobalIDString = A9919E3FCD9986B9EA4ABE5D;
			remoteInfo = libexample_jni;
		};
		C728441E77B28AB70E24738E /* PBXContainerItemProxy */ = {
			isa = PBXContainerItemProxy;
			containerPortal = F3755D86C9E443EAEF036912 /* support_lib.xcodeproj */;
			proxyType = 2;
			remoteGlobalIDString = 830C2426AC54ADA0794D7413;
			remoteInfo = djinni_jni_main;
		};
		DEB9B79A7A3DC82145AF6956 /* PBXContainerItemProxy */ = {
			isa = PBXContainerItemProxy;
			containerPortal = F3755D86C9E443EAEF036912 /* support_lib.xcodeproj */;
			proxyType = 2;
			remoteGlobalIDString = 0C99AA4F95316AA552A79C55;
			remoteInfo = djinni_objc;
		};
		F5E7F8A62B94437E06A7DF83 /* PBXContainerItemProxy */ = {
			isa = PBXContainerItemProxy;
			containerPortal = F3755D86C9E443EAEF036912 /* support_lib.xcodeproj */;
			proxyType = 2;
			remoteGlobalIDString = DC658C749F521B13A5BDCBBC;
			remoteInfo = djinni_jni;
		};
/* End PBXContainerItemProxy section */

/* Begin PBXFileReference section */
		0418310D9FB32E052076773C /* OAKLIBDish+Private.mm */ = {isa = PBXFileReference; lastKnownFileType = sourcecode.cpp.objcpp; path = "OAKLIBDish+Private.mm"; sourceTree = "<group>"; };
		04F908E8AF230A5C5AB072F0 /* NativeProduct.cpp */ = {isa = PBXFileReference; lastKnownFileType = sourcecode.cpp.cpp; path = NativeProduct.cpp; sourceTree = "<group>"; };
		07AB9FE8A88BE57C706B9D5E /* NativeSandwich.cpp */ = {isa = PBXFileReference; lastKnownFileType = sourcecode.cpp.cpp; path = NativeSandwich.cpp; sourceTree = "<group>"; };
		0A75F1BCB08C85829D845860 /* libexample_objc.a */ = {isa = PBXFileReference; explicitFileType = archive.ar; includeInIndex = 0; path = libexample_objc.a; sourceTree = BUILT_PRODUCTS_DIR; };
		0B52C932486833D9CD255CE4 /* OAKLIBSimpleCursor+Private.mm */ = {isa = PBXFileReference; lastKnownFileType = sourcecode.cpp.objcpp; path = "OAKLIBSimpleCursor+Private.mm"; sourceTree = "<group>"; };
		12EBA50D235F90A0725D5917 /* OAKLIBRunnable+Private.mm */ = {isa = PBXFileReference; lastKnownFileType = sourcecode.cpp.objcpp; path = "OAKLIBRunnable+Private.mm"; sourceTree = "<group>"; };
		182360D6FF585F2D0074CF51 /* NativeRunnable.cpp */ = {isa = PBXFileReference; lastKnownFileType = sourcecode.cpp.cpp; path = NativeRunnable.cpp; sourceTree = "<group>"; };
		1AFEC0C75733F6FF5C190962 /* OAKLIBRecipe+Private.mm */ = {isa = PBXFileReference; lastKnownFileType = sourcecode.cpp.objcpp; path = "OAKLIBRecipe+Private.mm"; sourceTree = "<group>"; };
		204399B72107F19EDA1BFEBD /* NativeHandler.cpp */ = {isa = PBXFileReference; lastKnownFileType = sourcecode.cpp.cpp; path = NativeHandler.cpp; sourceTree = "<group>"; };
		28A491D28B2BFDC6C6915454 /* OAKLIBChef+Private.mm */ = {isa = PBXFileReference; lastKnownFileType = sourcecode.cpp.objcpp; path = "OAKLIBChef+Private.mm"; sourceTree = "<group>"; };
		28E40FA78D1903AD5218A0F9 /* OAKLIBSystem+Private.mm */ = {isa = PBXFileReference; lastKnownFileType = sourcecode.cpp.objcpp; path = "OAKLIBSystem+Private.mm"; sourceTree = "<group>"; };
		2DC4B19A2B5410FA7CF6B899 /* NativeRecipe.cpp */ = {isa = PBXFileReference; lastKnownFileType = sourcecode.cpp.cpp; path = NativeRecipe.cpp; sourceTree = "<group>"; };
		54B8318706967E7440ED5B36 /* OAKLIBApi+Private.mm */ = {isa = PBXFileReference; lastKnownFileType = sourcecode.cpp.objcpp; path = "OAKLIBApi+Private.mm"; sourceTree = "<group>"; };
		5623EC024223A7F476D7CFC8 /* OAKLIBService+Private.mm */ = {isa = PBXFileReference; lastKnownFileType = sourcecode.cpp.objcpp; path = "OAKLIBService+Private.mm"; sourceTree = "<group>"; };
		5E82814CE3BCDCEED8880E39 /* OAKLIBSandwich+Private.mm */ = {isa = PBXFileReference; lastKnownFileType = sourcecode.cpp.objcpp; path = "OAKLIBSandwich+Private.mm"; sourceTree = "<group>"; };
		5F24D926CDDFDB18B8DE3B15 /* NativeSystem.cpp */ = {isa = PBXFileReference; lastKnownFileType = sourcecode.cpp.cpp; path = NativeSystem.cpp; sourceTree = "<group>"; };
		60E0F5EBA7104D705F8D0324 /* OAKLIBProduct+Private.mm */ = {isa = PBXFileReference; lastKnownFileType = sourcecode.cpp.objcpp; path = "OAKLIBProduct+Private.mm"; sourceTree = "<group>"; };
		8BF6B8FBC3A0A20B3BE6519B /* NativeDish.cpp */ = {isa = PBXFileReference; lastKnownFileType = sourcecode.cpp.cpp; path = NativeDish.cpp; sourceTree = "<group>"; };
		9D5EE267CFFED1FCAEF36DDD /* NativeService.cpp */ = {isa = PBXFileReference; lastKnownFileType = sourcecode.cpp.cpp; path = NativeService.cpp; sourceTree = "<group>"; };
		A1CD0AFF7C933F6DF966B503 /* NativeServiceBinder.cpp */ = {isa = PBXFileReference; lastKnownFileType = sourcecode.cpp.cpp; path = NativeServiceBinder.cpp; sourceTree = "<group>"; };
		B771C0417648CAF490FFD951 /* libexample.gyp */ = {isa = PBXFileReference; explicitFileType = sourcecode; path = libexample.gyp; sourceTree = "<group>"; };
		BDB6B88674FD872A0CA346F0 /* NativeSimpleCursor.cpp */ = {isa = PBXFileReference; lastKnownFileType = sourcecode.cpp.cpp; path = NativeSimpleCursor.cpp; sourceTree = "<group>"; };
		CB7B18059184CD48F7706F38 /* OAKLIBHandler+Private.mm */ = {isa = PBXFileReference; lastKnownFileType = sourcecode.cpp.objcpp; path = "OAKLIBHandler+Private.mm"; sourceTree = "<group>"; };
		CFD757AC0D6AC4C018340E58 /* NativeChef.cpp */ = {isa = PBXFileReference; lastKnownFileType = sourcecode.cpp.cpp; path = NativeChef.cpp; sourceTree = "<group>"; };
		D2EA50E20C65216BC99FAABE /* OAKLIBServiceBinder+Private.mm */ = {isa = PBXFileReference; lastKnownFileType = sourcecode.cpp.objcpp; path = "OAKLIBServiceBinder+Private.mm"; sourceTree = "<group>"; };
		D4215ED67FBCBE8A367F75A5 /* djinni_main.cpp */ = {isa = PBXFileReference; lastKnownFileType = sourcecode.cpp.cpp; path = djinni_main.cpp; sourceTree = "<group>"; };
		D53ECA76F8816F7043E56EF2 /* common.gypi */ = {isa = PBXFileReference; explicitFileType = sourcecode; name = common.gypi; path = ../common.gypi; sourceTree = "<group>"; };
		D778890970FE89324AB789B7 /* NativeTest.cpp */ = {isa = PBXFileReference; lastKnownFileType = sourcecode.cpp.cpp; path = NativeTest.cpp; sourceTree = "<group>"; };
		DDFDC222061C2AD042B5FCAF /* libexample_jni.dylib */ = {isa = PBXFileReference; explicitFileType = "compiled.mach-o.dylib"; includeInIndex = 0; path = libexample_jni.dylib; sourceTree = BUILT_PRODUCTS_DIR; };
		E60AA69051935A356B481127 /* OAKLIBTest+Private.mm */ = {isa = PBXFileReference; lastKnownFileType = sourcecode.cpp.objcpp; path = "OAKLIBTest+Private.mm"; sourceTree = "<group>"; };
		F3755D86C9E443EAEF036912 /* support_lib.xcodeproj */ = {isa = PBXFileReference; lastKnownFileType = "wrapper.pb-project"; name = support_lib.xcodeproj; path = "../../build_ios/support-lib/support_lib.xcodeproj"; sourceTree = SOURCE_ROOT; };
		F84EB1F9E73AEC9C36D204C9 /* NativeApi.cpp */ = {isa = PBXFileReference; lastKnownFileType = sourcecode.cpp.cpp; path = NativeApi.cpp; sourceTree = "<group>"; };
/* End PBXFileReference section */

/* Begin PBXFrameworksBuildPhase section */
		0A497B05E8E62E81E9EE4892 /* Frameworks */ = {
			isa = PBXFrameworksBuildPhase;
			buildActionMask = 2147483647;
			files = (
			);
			runOnlyForDeploymentPostprocessing = 0;
		};
		FE50AC8A4B9C476C9A5990F0 /* Frameworks */ = {
			isa = PBXFrameworksBuildPhase;
			buildActionMask = 2147483647;
			files = (
				205EDB2AB1DD1C827B4157C9 /* libdjinni_jni.a in Frameworks */,
			);
			runOnlyForDeploymentPostprocessing = 0;
		};
/* End PBXFrameworksBuildPhase section */

/* Begin PBXGroup section */
		20D624E26DF719F2F38D1D22 /* Products */ = {
			isa = PBXGroup;
			children = (
				3ACF1B8C3A9424E16A8D4353 /* libdjinni_jni.a */,
				36932CCCB34EFCB929435B3E /* libdjinni_jni_main.a */,
				6DB684300EC49C9A2F79B3B4 /* libdjinni_objc.a */,
			);
			name = Products;
			sourceTree = "<group>";
		};
		2B6A46B8D229A9DA3AB1C104 /* Source */ = {
			isa = PBXGroup;
			children = (
				7C49376D75D4927057E16819 /* generated-src */,
				F4612BC1C4A0AC5F2A4E6FE8 /* support-lib/jni */,
			);
			name = Source;
			path = ..;
			sourceTree = "<group>";
		};
		7C49376D75D4927057E16819 /* generated-src */ = {
			isa = PBXGroup;
			children = (
				C91914409D97FA1C4F0DA5A7 /* jni */,
				F8E96B5E403BF6AFBFE78D46 /* objc */,
			);
			path = "generated-src";
			sourceTree = "<group>";
		};
		7F1ED59EBC080D5356B327D4 /* Projects */ = {
			isa = PBXGroup;
			children = (
				F3755D86C9E443EAEF036912 /* support_lib.xcodeproj */,
			);
			name = Projects;
			sourceTree = "<group>";
		};
		AACEC8F93501123B11EF2442 /* Build */ = {
			isa = PBXGroup;
			children = (
				D53ECA76F8816F7043E56EF2 /* common.gypi */,
				B771C0417648CAF490FFD951 /* libexample.gyp */,
			);
			name = Build;
			sourceTree = "<group>";
		};
		C91914409D97FA1C4F0DA5A7 /* jni */ = {
			isa = PBXGroup;
			children = (
				F84EB1F9E73AEC9C36D204C9 /* NativeApi.cpp */,
				CFD757AC0D6AC4C018340E58 /* NativeChef.cpp */,
				8BF6B8FBC3A0A20B3BE6519B /* NativeDish.cpp */,
				204399B72107F19EDA1BFEBD /* NativeHandler.cpp */,
				04F908E8AF230A5C5AB072F0 /* NativeProduct.cpp */,
				2DC4B19A2B5410FA7CF6B899 /* NativeRecipe.cpp */,
				182360D6FF585F2D0074CF51 /* NativeRunnable.cpp */,
				07AB9FE8A88BE57C706B9D5E /* NativeSandwich.cpp */,
				9D5EE267CFFED1FCAEF36DDD /* NativeService.cpp */,
				A1CD0AFF7C933F6DF966B503 /* NativeServiceBinder.cpp */,
				BDB6B88674FD872A0CA346F0 /* NativeSimpleCursor.cpp */,
				5F24D926CDDFDB18B8DE3B15 /* NativeSystem.cpp */,
				D778890970FE89324AB789B7 /* NativeTest.cpp */,
			);
			path = jni;
			sourceTree = "<group>";
		};
		F4612BC1C4A0AC5F2A4E6FE8 /* support-lib/jni */ = {
			isa = PBXGroup;
			children = (
				D4215ED67FBCBE8A367F75A5 /* djinni_main.cpp */,
			);
			path = "support-lib/jni";
			sourceTree = "<group>";
		};
		F83C412174F7C0B2D0E49D22 /* Products */ = {
			isa = PBXGroup;
			children = (
				DDFDC222061C2AD042B5FCAF /* libexample_jni.dylib */,
				0A75F1BCB08C85829D845860 /* libexample_objc.a */,
			);
			name = Products;
			sourceTree = "<group>";
		};
		F8E96B5E403BF6AFBFE78D46 /* objc */ = {
			isa = PBXGroup;
			children = (
				54B8318706967E7440ED5B36 /* OAKLIBApi+Private.mm */,
				28A491D28B2BFDC6C6915454 /* OAKLIBChef+Private.mm */,
				0418310D9FB32E052076773C /* OAKLIBDish+Private.mm */,
				CB7B18059184CD48F7706F38 /* OAKLIBHandler+Private.mm */,
				60E0F5EBA7104D705F8D0324 /* OAKLIBProduct+Private.mm */,
				1AFEC0C75733F6FF5C190962 /* OAKLIBRecipe+Private.mm */,
				12EBA50D235F90A0725D5917 /* OAKLIBRunnable+Private.mm */,
				5E82814CE3BCDCEED8880E39 /* OAKLIBSandwich+Private.mm */,
				5623EC024223A7F476D7CFC8 /* OAKLIBService+Private.mm */,
				D2EA50E20C65216BC99FAABE /* OAKLIBServiceBinder+Private.mm */,
				0B52C932486833D9CD255CE4 /* OAKLIBSimpleCursor+Private.mm */,
				28E40FA78D1903AD5218A0F9 /* OAKLIBSystem+Private.mm */,
				E60AA69051935A356B481127 /* OAKLIBTest+Private.mm */,
			);
			path = objc;
			sourceTree = "<group>";
		};
		FE70E419F34020EBEA51243E = {
			isa = PBXGroup;
			children = (
				2B6A46B8D229A9DA3AB1C104 /* Source */,
				7F1ED59EBC080D5356B327D4 /* Projects */,
				F83C412174F7C0B2D0E49D22 /* Products */,
				AACEC8F93501123B11EF2442 /* Build */,
			);
			sourceTree = "<group>";
		};
/* End PBXGroup section */

/* Begin PBXNativeTarget section */
		A9919E3FCD9986B9EA4ABE5D /* libexample_jni */ = {
			isa = PBXNativeTarget;
			buildConfigurationList = 7A044A7CEE31367F62A347AD /* Build configuration list for PBXNativeTarget "libexample_jni" */;
			buildPhases = (
				6E8C26B4E9CF9B18950A723B /* Sources */,
				FE50AC8A4B9C476C9A5990F0 /* Frameworks */,
			);
			buildRules = (
			);
			dependencies = (
				D5B6ECDE3AC0B53CE32057C7 /* PBXTargetDependency */,
			);
			name = libexample_jni;
			productName = example_jni;
			productReference = DDFDC222061C2AD042B5FCAF /* libexample_jni.dylib */;
			productType = "com.apple.product-type.library.dynamic";
		};
		D8F3FF35F1E09B25F32DBE5F /* libexample_objc */ = {
			isa = PBXNativeTarget;
			buildConfigurationList = 84947782682B3DF89FAD2369 /* Build configuration list for PBXNativeTarget "libexample_objc" */;
			buildPhases = (
				F6A5B73262ADC3D22234024A /* Sources */,
				0A497B05E8E62E81E9EE4892 /* Frameworks */,
			);
			buildRules = (
			);
			dependencies = (
			);
			name = libexample_objc;
			productName = example_objc;
			productReference = 0A75F1BCB08C85829D845860 /* libexample_objc.a */;
			productType = "com.apple.product-type.library.static";
		};
/* End PBXNativeTarget section */

/* Begin PBXProject section */
		8834BA4821208BB04DC6D877 /* Project object */ = {
			isa = PBXProject;
			attributes = {
				BuildIndependentTargetsInParallel = YES;
			};
			buildConfigurationList = 334B5377BF2ABDBECBBF828E /* Build configuration list for PBXProject "libexample" */;
			compatibilityVersion = "Xcode 3.2";
			hasScannedForEncodings = 1;
			mainGroup = FE70E419F34020EBEA51243E;
			projectDirPath = ../../core/example;
			projectReferences = (
				{
					ProductGroup = 20D624E26DF719F2F38D1D22 /* Products */;
					ProjectRef = F3755D86C9E443EAEF036912 /* support_lib.xcodeproj */;
				},
			);
			projectRoot = "";
			targets = (
				B1F7F1F6E4DD62624A187E0B /* All */,
				A9919E3FCD9986B9EA4ABE5D /* libexample_jni */,
				D8F3FF35F1E09B25F32DBE5F /* libexample_objc */,
			);
		};
/* End PBXProject section */

/* Begin PBXReferenceProxy section */
		36932CCCB34EFCB929435B3E /* libdjinni_jni_main.a */ = {
			isa = PBXReferenceProxy;
			fileType = archive.ar;
			path = libdjinni_jni_main.a;
			remoteRef = C728441E77B28AB70E24738E /* PBXContainerItemProxy */;
			sourceTree = BUILT_PRODUCTS_DIR;
		};
		3ACF1B8C3A9424E16A8D4353 /* libdjinni_jni.a */ = {
			isa = PBXReferenceProxy;
			fileType = archive.ar;
			path = libdjinni_jni.a;
			remoteRef = F5E7F8A62B94437E06A7DF83 /* PBXContainerItemProxy */;
			sourceTree = BUILT_PRODUCTS_DIR;
		};
		6DB684300EC49C9A2F79B3B4 /* libdjinni_objc.a */ = {
			isa = PBXReferenceProxy;
			fileType = archive.ar;
			path = libdjinni_objc.a;
			remoteRef = DEB9B79A7A3DC82145AF6956 /* PBXContainerItemProxy */;
			sourceTree = BUILT_PRODUCTS_DIR;
		};
/* End PBXReferenceProxy section */

/* Begin PBXSourcesBuildPhase section */
		6E8C26B4E9CF9B18950A723B /* Sources */ = {
			isa = PBXSourcesBuildPhase;
			buildActionMask = 2147483647;
			files = (
				6065C421A7C97446D0F85147 /* djinni_main.cpp in Sources */,
				8BF6AC6CB940E5C6312C17E8 /* NativeApi.cpp in Sources */,
				CB79660CBAD8A19E048363B2 /* NativeChef.cpp in Sources */,
				172364D24BAED0956DB9AD09 /* NativeDish.cpp in Sources */,
				A48AC79386898AB2872A4FA0 /* NativeHandler.cpp in Sources */,
				8414E2798D32D2802E43725F /* NativeProduct.cpp in Sources */,
				E6455C27C77E007F0A53150F /* NativeRecipe.cpp in Sources */,
				9277265E050AA193A681123D /* NativeRunnable.cpp in Sources */,
				F6482EB59A4D03B9443E0854 /* NativeSandwich.cpp in Sources */,
				2791ED76F5ECCCA5BF469EC0 /* NativeService.cpp in Sources */,
				A2D5F591C22E3928AD7715CC /* NativeServiceBinder.cpp in Sources */,
				5E99D95DE390FDDC19CF30DF /* NativeSimpleCursor.cpp in Sources */,
				CF7039B85DD4D77650E6F67D /* NativeSystem.cpp in Sources */,
				F44541FDA60785EC2B8EB81B /* NativeTest.cpp in Sources */,
			);
			runOnlyForDeploymentPostprocessing = 0;
		};
		F6A5B73262ADC3D22234024A /* Sources */ = {
			isa = PBXSourcesBuildPhase;
			buildActionMask = 2147483647;
			files = (
				BD5A4BC5A34EA95AF2BED59D /* OAKLIBApi+Private.mm in Sources */,
				AE74EF1FB639B79CE2A9FBDC /* OAKLIBChef+Private.mm in Sources */,
				03EFCB44DB263254DD7D233C /* OAKLIBDish+Private.mm in Sources */,
				4A1CF8C0F7275DB4B740CF7E /* OAKLIBHandler+Private.mm in Sources */,
				4A7D21173FAA9D71715FBA87 /* OAKLIBProduct+Private.mm in Sources */,
				4AA84460292C89FA8EF45A44 /* OAKLIBRecipe+Private.mm in Sources */,
				ACDE180C0A1BF297B883E307 /* OAKLIBRunnable+Private.mm in Sources */,
				1781321F0FC44BB9B0E3449B /* OAKLIBSandwich+Private.mm in Sources */,
				A170F19278BCAA1198ABA2EB /* OAKLIBService+Private.mm in Sources */,
				9A12A9EE609973D3F3EAB850 /* OAKLIBServiceBinder+Private.mm in Sources */,
				32BBA24A598C77C12E50B78D /* OAKLIBSimpleCursor+Private.mm in Sources */,
				4D3BC84651B4F7F9D2910210 /* OAKLIBSystem+Private.mm in Sources */,
				2231DE5A124A24C9557AA2DE /* OAKLIBTest+Private.mm in Sources */,
			);
			runOnlyForDeploymentPostprocessing = 0;
		};
/* End PBXSourcesBuildPhase section */

/* Begin PBXTargetDependency section */
		B4DC1186C9A5F772DF5B253D /* PBXTargetDependency */ = {
			isa = PBXTargetDependency;
			target = D8F3FF35F1E09B25F32DBE5F /* libexample_objc */;
			targetProxy = 15C5AFCB26FE59D379463017 /* PBXContainerItemProxy */;
		};
		CD28219625F0E2E434B9817D /* PBXTargetDependency */ = {
			isa = PBXTargetDependency;
			target = A9919E3FCD9986B9EA4ABE5D /* libexample_jni */;
			targetProxy = AF0DFEB2AA3B26B830C6716F /* PBXContainerItemProxy */;
		};
		D5B6ECDE3AC0B53CE32057C7 /* PBXTargetDependency */ = {
			isa = PBXTargetDependency;
			name = djinni_jni;
			targetProxy = 4A9DED68E3FE03D56E3BDA7E /* PBXContainerItemProxy */;
		};
/* End PBXTargetDependency section */

/* Begin XCBuildConfiguration section */
		037BA0909B79355124BD3A26 /* Release */ = {
			isa = XCBuildConfiguration;
			buildSettings = {
				PRODUCT_NAME = All;
			};
			name = Release;
		};
		078E6CB1F47DA3685ECFA798 /* Debug */ = {
			isa = XCBuildConfiguration;
			buildSettings = {
				CLANG_CXX_LANGUAGE_STANDARD = "c++11";
				CLANG_CXX_LIBRARY = "libc++";
				CLANG_ENABLE_OBJC_ARC = YES;
				DEAD_CODE_STRIPPING = YES;
				EXECUTABLE_PREFIX = lib;
				GCC_PREPROCESSOR_DEFINITIONS = "DEBUG=1";
				HEADER_SEARCH_PATHS = (
					../deps/include,
					"../generated-src/objc",
					"../generated-src/cpp",
					src/cpp,
					"../support-lib/objc",
				);
				IPHONEOS_DEPLOYMENT_TARGET = 8.0;
				ONLY_ACTIVE_ARCH = YES;
				OTHER_CFLAGS = "-Wall";
				OTHER_CPLUSPLUSFLAGS = "-Wall";
				PRODUCT_NAME = example_objc;
				SDKROOT = iphoneos;
				SKIP_INSTALL = YES;
				SUPPORTED_PLATFORMS = "iphonesimulator iphoneos";
			};
			name = Debug;
		};
		13E02B5B593F5626564AAAEC /* Debug */ = {
			isa = XCBuildConfiguration;
			buildSettings = {
				INTERMEDIATE_DIR = "$(PROJECT_DERIVED_FILE_DIR)/$(CONFIGURATION)";
				SHARED_INTERMEDIATE_DIR = "$(SYMROOT)/DerivedSources/$(CONFIGURATION)";
			};
			name = Debug;
		};
		1E4B0D42F994D0721365B014 /* Debug */ = {
			isa = XCBuildConfiguration;
			buildSettings = {
				CLANG_CXX_LANGUAGE_STANDARD = "c++11";
				CLANG_CXX_LIBRARY = "libc++";
				CLANG_ENABLE_OBJC_ARC = YES;
				DEAD_CODE_STRIPPING = YES;
				EXECUTABLE_PREFIX = lib;
				GCC_PREPROCESSOR_DEFINITIONS = "DEBUG=1";
				HEADER_SEARCH_PATHS = (
					../deps/include,
					"../generated-src/jni",
					"../generated-src/cpp",
					"../support-lib/jni",
				);
				IPHONEOS_DEPLOYMENT_TARGET = 8.0;
				ONLY_ACTIVE_ARCH = YES;
				OTHER_CFLAGS = "-Wall";
				OTHER_CPLUSPLUSFLAGS = "-Wall";
				PRODUCT_NAME = example_jni;
				SDKROOT = iphoneos;
				SKIP_INSTALL = YES;
				SUPPORTED_PLATFORMS = "iphonesimulator iphoneos";
			};
			name = Debug;
		};
		670C59D8BEA7DCF3B99E46BF /* Debug */ = {
			isa = XCBuildConfiguration;
			buildSettings = {
				PRODUCT_NAME = All;
			};
			name = Debug;
		};
		749A4A77ED6E1D70D2181ABA /* Release */ = {
			isa = XCBuildConfiguration;
			buildSettings = {
				CLANG_CXX_LANGUAGE_STANDARD = "c++11";
				CLANG_CXX_LIBRARY = "libc++";
				CLANG_ENABLE_OBJC_ARC = YES;
				DEAD_CODE_STRIPPING = YES;
				EXECUTABLE_PREFIX = lib;
				GCC_PREPROCESSOR_DEFINITIONS = "NDEBUG=1";
				HEADER_SEARCH_PATHS = (
					../deps/include,
					"../generated-src/jni",
					"../generated-src/cpp",
					"../support-lib/jni",
				);
				IPHONEOS_DEPLOYMENT_TARGET = 8.0;
				OTHER_CFLAGS = "-Wall";
				OTHER_CPLUSPLUSFLAGS = "-Wall";
				PRODUCT_NAME = example_jni;
				SDKROOT = iphoneos;
				SKIP_INSTALL = YES;
				SUPPORTED_PLATFORMS = "iphonesimulator iphoneos";
			};
			name = Release;
		};
		7F606338AC397EBD76198C63 /* Release */ = {
			isa = XCBuildConfiguration;
			buildSettings = {
				INTERMEDIATE_DIR = "$(PROJECT_DERIVED_FILE_DIR)/$(CONFIGURATION)";
				SHARED_INTERMEDIATE_DIR = "$(SYMROOT)/DerivedSources/$(CONFIGURATION)";
			};
			name = Release;
		};
		84E67C51316F270EC1E5ABB9 /* Release */ = {
			isa = XCBuildConfiguration;
			buildSettings = {
				CLANG_CXX_LANGUAGE_STANDARD = "c++11";
				CLANG_CXX_LIBRARY = "libc++";
				CLANG_ENABLE_OBJC_ARC = YES;
				DEAD_CODE_STRIPPING = YES;
				EXECUTABLE_PREFIX = lib;
				GCC_PREPROCESSOR_DEFINITIONS = "NDEBUG=1";
				HEADER_SEARCH_PATHS = (
					../deps/include,
					"../generated-src/objc",
					"../generated-src/cpp",
					src/cpp,
					"../support-lib/objc",
				);
				IPHONEOS_DEPLOYMENT_TARGET = 8.0;
				OTHER_CFLAGS = "-Wall";
				OTHER_CPLUSPLUSFLAGS = "-Wall";
				PRODUCT_NAME = example_objc;
				SDKROOT = iphoneos;
				SKIP_INSTALL = YES;
				SUPPORTED_PLATFORMS = "iphonesimulator iphoneos";
			};
			name = Release;
		};
/* End XCBuildConfiguration section */

/* Begin XCConfigurationList section */
		334B5377BF2ABDBECBBF828E /* Build configuration list for PBXProject "libexample" */ = {
			isa = XCConfigurationList;
			buildConfigurations = (
				13E02B5B593F5626564AAAEC /* Debug */,
				7F606338AC397EBD76198C63 /* Release */,
			);
			defaultConfigurationIsVisible = 1;
			defaultConfigurationName = Debug;
		};
		461EB55C29119EA4666030EA /* Build configuration list for PBXAggregateTarget "All" */ = {
			isa = XCConfigurationList;
			buildConfigurations = (
				670C59D8BEA7DCF3B99E46BF /* Debug */,
				037BA0909B79355124BD3A26 /* Release */,
			);
			defaultConfigurationIsVisible = 1;
			defaultConfigurationName = Debug;
		};
		7A044A7CEE31367F62A347AD /* Build configuration list for PBXNativeTarget "libexample_jni" */ = {
			isa = XCConfigurationList;
			buildConfigurations = (
				1E4B0D42F994D0721365B014 /* Debug */,
				749A4A77ED6E1D70D2181ABA /* Release */,
			);
			defaultConfigurationIsVisible = 1;
			defaultConfigurationName = Debug;
		};
		84947782682B3DF89FAD2369 /* Build configuration list for PBXNativeTarget "libexample_objc" */ = {
			isa = XCConfigurationList;
			buildConfigurations = (
				078E6CB1F47DA3685ECFA798 /* Debug */,
				84E67C51316F270EC1E5ABB9 /* Release */,
			);
			defaultConfigurationIsVisible = 1;
			defaultConfigurationName = Debug;
		};
/* End XCConfigurationList section */
	};
	rootObject = 8834BA4821208BB04DC6D877 /* Project object */;
}
