// !$*UTF8*$!
{
	archiveVersion = 1;
	classes = {
	};
	objectVersion = 46;
	objects = {

/* Begin PBXBuildFile section */
		043387A81F2751A2008E5457 /* AppDelegate.swift in Sources */ = {isa = PBXBuildFile; fileRef = 043387A71F2751A2008E5457 /* AppDelegate.swift */; };
		043387AA1F2751A2008E5457 /* ViewController.swift in Sources */ = {isa = PBXBuildFile; fileRef = 043387A91F2751A2008E5457 /* ViewController.swift */; };
		043387AD1F2751A2008E5457 /* Main.storyboard in Resources */ = {isa = PBXBuildFile; fileRef = 043387AB1F2751A2008E5457 /* Main.storyboard */; };
		043387AF1F2751A2008E5457 /* Assets.xcassets in Resources */ = {isa = PBXBuildFile; fileRef = 043387AE1F2751A2008E5457 /* Assets.xcassets */; };
		043387B21F2751A2008E5457 /* LaunchScreen.storyboard in Resources */ = {isa = PBXBuildFile; fileRef = 043387B01F2751A2008E5457 /* LaunchScreen.storyboard */; };
		043387BD1F2751A3008E5457 /* exampleTests.swift in Sources */ = {isa = PBXBuildFile; fileRef = 043387BC1F2751A3008E5457 /* exampleTests.swift */; };
		043387C81F2751A3008E5457 /* exampleUITests.swift in Sources */ = {isa = PBXBuildFile; fileRef = 043387C71F2751A3008E5457 /* exampleUITests.swift */; };
		043387ED1F2755E2008E5457 /* libdjinni_objc.a in Frameworks */ = {isa = PBXBuildFile; fileRef = 043387EA1F2755E2008E5457 /* libdjinni_objc.a */; };
		043387F61F275771008E5457 /* Example.m in Sources */ = {isa = PBXBuildFile; fileRef = 043387F51F275771008E5457 /* Example.m */; };
		043387F81F27587D008E5457 /* libc++.tbd in Frameworks */ = {isa = PBXBuildFile; fileRef = 043387F71F27587D008E5457 /* libc++.tbd */; };
		043387FA1F2758DD008E5457 /* libyajl.a in Frameworks */ = {isa = PBXBuildFile; fileRef = 043387F91F2758DD008E5457 /* libyajl.a */; };
		043388031F275BD8008E5457 /* libexample_objc.a in Frameworks */ = {isa = PBXBuildFile; fileRef = 043388001F275BD8008E5457 /* libexample_objc.a */; };
		043388041F275BD8008E5457 /* libtest_objc.a in Frameworks */ = {isa = PBXBuildFile; fileRef = 043388011F275BD8008E5457 /* libtest_objc.a */; };
		8443BFEC57D087B906E32248 /* Pods_exampleUITests.framework in Frameworks */ = {isa = PBXBuildFile; fileRef = 8FBDE573440DFADE0273BBFF /* Pods_exampleUITests.framework */; };
		920DF4B87F84F55BC91B3125 /* Pods_exampleTests.framework in Frameworks */ = {isa = PBXBuildFile; fileRef = 4C4309ED043E099D25663005 /* Pods_exampleTests.framework */; };
		D3C99CBE0498663E15A27042 /* Pods_example.framework in Frameworks */ = {isa = PBXBuildFile; fileRef = AD6ACBA0EF0A21F55067B7E8 /* Pods_example.framework */; };
/* End PBXBuildFile section */

/* Begin PBXContainerItemProxy section */
		043387B91F2751A3008E5457 /* PBXContainerItemProxy */ = {
			isa = PBXContainerItemProxy;
			containerPortal = 0433879C1F2751A2008E5457 /* Project object */;
			proxyType = 1;
			remoteGlobalIDString = 043387A31F2751A2008E5457;
			remoteInfo = example;
		};
		043387C41F2751A3008E5457 /* PBXContainerItemProxy */ = {
			isa = PBXContainerItemProxy;
			containerPortal = 0433879C1F2751A2008E5457 /* Project object */;
			proxyType = 1;
			remoteGlobalIDString = 043387A31F2751A2008E5457;
			remoteInfo = example;
		};
/* End PBXContainerItemProxy section */

/* Begin PBXFileReference section */
		043387A41F2751A2008E5457 /* example.app */ = {isa = PBXFileReference; explicitFileType = wrapper.application; includeInIndex = 0; path = example.app; sourceTree = BUILT_PRODUCTS_DIR; };
		043387A71F2751A2008E5457 /* AppDelegate.swift */ = {isa = PBXFileReference; lastKnownFileType = sourcecode.swift; path = AppDelegate.swift; sourceTree = "<group>"; };
		043387A91F2751A2008E5457 /* ViewController.swift */ = {isa = PBXFileReference; lastKnownFileType = sourcecode.swift; path = ViewController.swift; sourceTree = "<group>"; };
		043387AC1F2751A2008E5457 /* Base */ = {isa = PBXFileReference; lastKnownFileType = file.storyboard; name = Base; path = Base.lproj/Main.storyboard; sourceTree = "<group>"; };
		043387AE1F2751A2008E5457 /* Assets.xcassets */ = {isa = PBXFileReference; lastKnownFileType = folder.assetcatalog; path = Assets.xcassets; sourceTree = "<group>"; };
		043387B11F2751A2008E5457 /* Base */ = {isa = PBXFileReference; lastKnownFileType = file.storyboard; name = Base; path = Base.lproj/LaunchScreen.storyboard; sourceTree = "<group>"; };
		043387B31F2751A2008E5457 /* Info.plist */ = {isa = PBXFileReference; lastKnownFileType = text.plist.xml; path = Info.plist; sourceTree = "<group>"; };
		043387B81F2751A3008E5457 /* exampleTests.xctest */ = {isa = PBXFileReference; explicitFileType = wrapper.cfbundle; includeInIndex = 0; path = exampleTests.xctest; sourceTree = BUILT_PRODUCTS_DIR; };
		043387BC1F2751A3008E5457 /* exampleTests.swift */ = {isa = PBXFileReference; lastKnownFileType = sourcecode.swift; path = exampleTests.swift; sourceTree = "<group>"; };
		043387BE1F2751A3008E5457 /* Info.plist */ = {isa = PBXFileReference; lastKnownFileType = text.plist.xml; path = Info.plist; sourceTree = "<group>"; };
		043387C31F2751A3008E5457 /* exampleUITests.xctest */ = {isa = PBXFileReference; explicitFileType = wrapper.cfbundle; includeInIndex = 0; path = exampleUITests.xctest; sourceTree = BUILT_PRODUCTS_DIR; };
		043387C71F2751A3008E5457 /* exampleUITests.swift */ = {isa = PBXFileReference; lastKnownFileType = sourcecode.swift; path = exampleUITests.swift; sourceTree = "<group>"; };
		043387C91F2751A3008E5457 /* Info.plist */ = {isa = PBXFileReference; lastKnownFileType = text.plist.xml; path = Info.plist; sourceTree = "<group>"; };
		043387EA1F2755E2008E5457 /* libdjinni_objc.a */ = {isa = PBXFileReference; lastKnownFileType = archive.ar; name = libdjinni_objc.a; path = "../../core/support-lib/build/Debug-iphoneos/libdjinni_objc.a"; sourceTree = "<group>"; };
		043387EB1F2755E2008E5457 /* libexample_objc.a */ = {isa = PBXFileReference; lastKnownFileType = archive.ar; name = libexample_objc.a; path = "../../core/example/build/Debug-iphoneos/libexample_objc.a"; sourceTree = "<group>"; };
		043387EC1F2755E2008E5457 /* libexample_objc.a */ = {isa = PBXFileReference; lastKnownFileType = archive.ar; name = libexample_objc.a; path = "../../example/build/Debug-iphoneos/libexample_objc.a"; sourceTree = "<group>"; };
		043387F41F275770008E5457 /* example-Bridging-Header.h */ = {isa = PBXFileReference; lastKnownFileType = sourcecode.c.h; path = "example-Bridging-Header.h"; sourceTree = "<group>"; };
		043387F51F275771008E5457 /* Example.m */ = {isa = PBXFileReference; fileEncoding = 4; lastKnownFileType = sourcecode.c.objc; path = Example.m; sourceTree = "<group>"; };
		043387F71F27587D008E5457 /* libc++.tbd */ = {isa = PBXFileReference; lastKnownFileType = "sourcecode.text-based-dylib-definition"; name = "libc++.tbd"; path = "usr/lib/libc++.tbd"; sourceTree = SDKROOT; };
		043387F91F2758DD008E5457 /* libyajl.a */ = {isa = PBXFileReference; lastKnownFileType = archive.ar; name = libyajl.a; path = "../../core/deps/build/Debug-iphoneos/libyajl.a"; sourceTree = "<group>"; };
		043387FF1F275BD8008E5457 /* libdjinni_jni.a */ = {isa = PBXFileReference; lastKnownFileType = archive.ar; name = libdjinni_jni.a; path = "../../core/support-lib/build/Debug-iphoneos/libdjinni_jni.a"; sourceTree = "<group>"; };
		043388001F275BD8008E5457 /* libexample_objc.a */ = {isa = PBXFileReference; lastKnownFileType = archive.ar; name = libexample_objc.a; path = "../../../../../Library/Developer/Xcode/DerivedData/example-gwkvbvxgfevxyadffurcshpdrika/Build/Products/Debug-iphonesimulator/libexample_objc.a"; sourceTree = "<group>"; };
		043388011F275BD8008E5457 /* libtest_objc.a */ = {isa = PBXFileReference; lastKnownFileType = archive.ar; name = libtest_objc.a; path = "../../test/build/Debug-iphoneos/libtest_objc.a"; sourceTree = "<group>"; };
		1C1C2420A425235E3DEAC613 /* Pods-example.release.xcconfig */ = {isa = PBXFileReference; includeInIndex = 1; lastKnownFileType = text.xcconfig; name = "Pods-example.release.xcconfig"; path = "Pods/Target Support Files/Pods-example/Pods-example.release.xcconfig"; sourceTree = "<group>"; };
		1FBCF16505CBF483883583FD /* Pods-example.debug.xcconfig */ = {isa = PBXFileReference; includeInIndex = 1; lastKnownFileType = text.xcconfig; name = "Pods-example.debug.xcconfig"; path = "Pods/Target Support Files/Pods-example/Pods-example.debug.xcconfig"; sourceTree = "<group>"; };
		36D0574485A8EDC9863DB176 /* Pods-exampleTests.release.xcconfig */ = {isa = PBXFileReference; includeInIndex = 1; lastKnownFileType = text.xcconfig; name = "Pods-exampleTests.release.xcconfig"; path = "Pods/Target Support Files/Pods-exampleTests/Pods-exampleTests.release.xcconfig"; sourceTree = "<group>"; };
		4C4309ED043E099D25663005 /* Pods_exampleTests.framework */ = {isa = PBXFileReference; explicitFileType = wrapper.framework; includeInIndex = 0; path = Pods_exampleTests.framework; sourceTree = BUILT_PRODUCTS_DIR; };
		5C4EAC35C9C642A396A6E1DA /* Pods-exampleUITests.release.xcconfig */ = {isa = PBXFileReference; includeInIndex = 1; lastKnownFileType = text.xcconfig; name = "Pods-exampleUITests.release.xcconfig"; path = "Pods/Target Support Files/Pods-exampleUITests/Pods-exampleUITests.release.xcconfig"; sourceTree = "<group>"; };
		825B838B865BEE638A7AEEFA /* Pods-exampleUITests.debug.xcconfig */ = {isa = PBXFileReference; includeInIndex = 1; lastKnownFileType = text.xcconfig; name = "Pods-exampleUITests.debug.xcconfig"; path = "Pods/Target Support Files/Pods-exampleUITests/Pods-exampleUITests.debug.xcconfig"; sourceTree = "<group>"; };
		8FBDE573440DFADE0273BBFF /* Pods_exampleUITests.framework */ = {isa = PBXFileReference; explicitFileType = wrapper.framework; includeInIndex = 0; path = Pods_exampleUITests.framework; sourceTree = BUILT_PRODUCTS_DIR; };
		AD6ACBA0EF0A21F55067B7E8 /* Pods_example.framework */ = {isa = PBXFileReference; explicitFileType = wrapper.framework; includeInIndex = 0; path = Pods_example.framework; sourceTree = BUILT_PRODUCTS_DIR; };
		E92AA0AA6C47035CBEB14933 /* Pods-exampleTests.debug.xcconfig */ = {isa = PBXFileReference; includeInIndex = 1; lastKnownFileType = text.xcconfig; name = "Pods-exampleTests.debug.xcconfig"; path = "Pods/Target Support Files/Pods-exampleTests/Pods-exampleTests.debug.xcconfig"; sourceTree = "<group>"; };
/* End PBXFileReference section */

/* Begin PBXFrameworksBuildPhase section */
		043387A11F2751A2008E5457 /* Frameworks */ = {
			isa = PBXFrameworksBuildPhase;
			buildActionMask = 2147483647;
			files = (
				043388031F275BD8008E5457 /* libexample_objc.a in Frameworks */,
				043388041F275BD8008E5457 /* libtest_objc.a in Frameworks */,
				043387FA1F2758DD008E5457 /* libyajl.a in Frameworks */,
				043387F81F27587D008E5457 /* libc++.tbd in Frameworks */,
				043387ED1F2755E2008E5457 /* libdjinni_objc.a in Frameworks */,
				D3C99CBE0498663E15A27042 /* Pods_example.framework in Frameworks */,
			);
			runOnlyForDeploymentPostprocessing = 0;
		};
		043387B51F2751A3008E5457 /* Frameworks */ = {
			isa = PBXFrameworksBuildPhase;
			buildActionMask = 2147483647;
			files = (
				920DF4B87F84F55BC91B3125 /* Pods_exampleTests.framework in Frameworks */,
			);
			runOnlyForDeploymentPostprocessing = 0;
		};
		043387C01F2751A3008E5457 /* Frameworks */ = {
			isa = PBXFrameworksBuildPhase;
			buildActionMask = 2147483647;
			files = (
				8443BFEC57D087B906E32248 /* Pods_exampleUITests.framework in Frameworks */,
			);
			runOnlyForDeploymentPostprocessing = 0;
		};
/* End PBXFrameworksBuildPhase section */

/* Begin PBXGroup section */
		0433879B1F2751A2008E5457 = {
			isa = PBXGroup;
			children = (
				043387A61F2751A2008E5457 /* example */,
				043387BB1F2751A3008E5457 /* exampleTests */,
				043387C61F2751A3008E5457 /* exampleUITests */,
				043387A51F2751A2008E5457 /* Products */,
				E182F0B4F74201E201DA7E7F /* Pods */,
				10BCAA7D1A0666B7351A15C4 /* Frameworks */,
			);
			sourceTree = "<group>";
		};
		043387A51F2751A2008E5457 /* Products */ = {
			isa = PBXGroup;
			children = (
				043387A41F2751A2008E5457 /* example.app */,
				043387B81F2751A3008E5457 /* exampleTests.xctest */,
				043387C31F2751A3008E5457 /* exampleUITests.xctest */,
			);
			name = Products;
			sourceTree = "<group>";
		};
		043387A61F2751A2008E5457 /* example */ = {
			isa = PBXGroup;
			children = (
				043387A71F2751A2008E5457 /* AppDelegate.swift */,
				043387A91F2751A2008E5457 /* ViewController.swift */,
				043387AB1F2751A2008E5457 /* Main.storyboard */,
				043387AE1F2751A2008E5457 /* Assets.xcassets */,
				043387B01F2751A2008E5457 /* LaunchScreen.storyboard */,
				043387B31F2751A2008E5457 /* Info.plist */,
				043387F51F275771008E5457 /* Example.m */,
				043387F41F275770008E5457 /* example-Bridging-Header.h */,
			);
			path = example;
			sourceTree = "<group>";
		};
		043387BB1F2751A3008E5457 /* exampleTests */ = {
			isa = PBXGroup;
			children = (
				043387BC1F2751A3008E5457 /* exampleTests.swift */,
				043387BE1F2751A3008E5457 /* Info.plist */,
			);
			path = exampleTests;
			sourceTree = "<group>";
		};
		043387C61F2751A3008E5457 /* exampleUITests */ = {
			isa = PBXGroup;
			children = (
				043387C71F2751A3008E5457 /* exampleUITests.swift */,
				043387C91F2751A3008E5457 /* Info.plist */,
			);
			path = exampleUITests;
			sourceTree = "<group>";
		};
		10BCAA7D1A0666B7351A15C4 /* Frameworks */ = {
			isa = PBXGroup;
			children = (
				043387FF1F275BD8008E5457 /* libdjinni_jni.a */,
				043388001F275BD8008E5457 /* libexample_objc.a */,
				043388011F275BD8008E5457 /* libtest_objc.a */,
				043387F91F2758DD008E5457 /* libyajl.a */,
				043387F71F27587D008E5457 /* libc++.tbd */,
				043387EA1F2755E2008E5457 /* libdjinni_objc.a */,
				043387EB1F2755E2008E5457 /* libexample_objc.a */,
				043387EC1F2755E2008E5457 /* libexample_objc.a */,
				AD6ACBA0EF0A21F55067B7E8 /* Pods_example.framework */,
				4C4309ED043E099D25663005 /* Pods_exampleTests.framework */,
				8FBDE573440DFADE0273BBFF /* Pods_exampleUITests.framework */,
			);
			name = Frameworks;
			sourceTree = "<group>";
		};
		E182F0B4F74201E201DA7E7F /* Pods */ = {
			isa = PBXGroup;
			children = (
				1FBCF16505CBF483883583FD /* Pods-example.debug.xcconfig */,
				1C1C2420A425235E3DEAC613 /* Pods-example.release.xcconfig */,
				E92AA0AA6C47035CBEB14933 /* Pods-exampleTests.debug.xcconfig */,
				36D0574485A8EDC9863DB176 /* Pods-exampleTests.release.xcconfig */,
				825B838B865BEE638A7AEEFA /* Pods-exampleUITests.debug.xcconfig */,
				5C4EAC35C9C642A396A6E1DA /* Pods-exampleUITests.release.xcconfig */,
			);
			name = Pods;
			sourceTree = "<group>";
		};
/* End PBXGroup section */

/* Begin PBXNativeTarget section */
		043387A31F2751A2008E5457 /* example */ = {
			isa = PBXNativeTarget;
			buildConfigurationList = 043387CC1F2751A3008E5457 /* Build configuration list for PBXNativeTarget "example" */;
			buildPhases = (
				AF83FE37BFAF56D8703156C2 /* [CP] Check Pods Manifest.lock */,
				043387A01F2751A2008E5457 /* Sources */,
				043387A11F2751A2008E5457 /* Frameworks */,
				043387A21F2751A2008E5457 /* Resources */,
				0F30AFDEE2AE2133C19BDE85 /* [CP] Embed Pods Frameworks */,
				0C76A436CC609ED86D67BD6E /* [CP] Copy Pods Resources */,
			);
			buildRules = (
			);
			dependencies = (
			);
			name = example;
			productName = example;
			productReference = 043387A41F2751A2008E5457 /* example.app */;
			productType = "com.apple.product-type.application";
		};
		043387B71F2751A3008E5457 /* exampleTests */ = {
			isa = PBXNativeTarget;
			buildConfigurationList = 043387CF1F2751A3008E5457 /* Build configuration list for PBXNativeTarget "exampleTests" */;
			buildPhases = (
				512B38D764BD1F3A4FF33A71 /* [CP] Check Pods Manifest.lock */,
				043387B41F2751A3008E5457 /* Sources */,
				043387B51F2751A3008E5457 /* Frameworks */,
				043387B61F2751A3008E5457 /* Resources */,
				E779E692792399373E8F3CC1 /* [CP] Embed Pods Frameworks */,
				FC5CBC28A7A553F77A066092 /* [CP] Copy Pods Resources */,
			);
			buildRules = (
			);
			dependencies = (
				043387BA1F2751A3008E5457 /* PBXTargetDependency */,
			);
			name = exampleTests;
			productName = exampleTests;
			productReference = 043387B81F2751A3008E5457 /* exampleTests.xctest */;
			productType = "com.apple.product-type.bundle.unit-test";
		};
		043387C21F2751A3008E5457 /* exampleUITests */ = {
			isa = PBXNativeTarget;
			buildConfigurationList = 043387D21F2751A3008E5457 /* Build configuration list for PBXNativeTarget "exampleUITests" */;
			buildPhases = (
				0ED1250C30E2E30AB255B948 /* [CP] Check Pods Manifest.lock */,
				043387BF1F2751A3008E5457 /* Sources */,
				043387C01F2751A3008E5457 /* Frameworks */,
				043387C11F2751A3008E5457 /* Resources */,
				1338E9F21403C48243011882 /* [CP] Embed Pods Frameworks */,
				0C430A2BEAF2FF4DE8E8EC90 /* [CP] Copy Pods Resources */,
			);
			buildRules = (
			);
			dependencies = (
				043387C51F2751A3008E5457 /* PBXTargetDependency */,
			);
			name = exampleUITests;
			productName = exampleUITests;
			productReference = 043387C31F2751A3008E5457 /* exampleUITests.xctest */;
			productType = "com.apple.product-type.bundle.ui-testing";
		};
/* End PBXNativeTarget section */

/* Begin PBXProject section */
		0433879C1F2751A2008E5457 /* Project object */ = {
			isa = PBXProject;
			attributes = {
				LastSwiftUpdateCheck = 0830;
				LastUpgradeCheck = 0830;
				ORGANIZATIONNAME = mac;
				TargetAttributes = {
					043387A31F2751A2008E5457 = {
						CreatedOnToolsVersion = 8.3.1;
						DevelopmentTeam = AC52NM64EP;
						LastSwiftMigration = 0830;
						ProvisioningStyle = Automatic;
					};
					043387B71F2751A3008E5457 = {
						CreatedOnToolsVersion = 8.3.1;
						DevelopmentTeam = AC52NM64EP;
						ProvisioningStyle = Automatic;
						TestTargetID = 043387A31F2751A2008E5457;
					};
					043387C21F2751A3008E5457 = {
						CreatedOnToolsVersion = 8.3.1;
						DevelopmentTeam = AC52NM64EP;
						ProvisioningStyle = Automatic;
						TestTargetID = 043387A31F2751A2008E5457;
					};
				};
			};
			buildConfigurationList = 0433879F1F2751A2008E5457 /* Build configuration list for PBXProject "example" */;
			compatibilityVersion = "Xcode 3.2";
			developmentRegion = English;
			hasScannedForEncodings = 0;
			knownRegions = (
				en,
				Base,
			);
			mainGroup = 0433879B1F2751A2008E5457;
			productRefGroup = 043387A51F2751A2008E5457 /* Products */;
			projectDirPath = "";
			projectRoot = "";
			targets = (
				043387A31F2751A2008E5457 /* example */,
				043387B71F2751A3008E5457 /* exampleTests */,
				043387C21F2751A3008E5457 /* exampleUITests */,
			);
		};
/* End PBXProject section */

/* Begin PBXResourcesBuildPhase section */
		043387A21F2751A2008E5457 /* Resources */ = {
			isa = PBXResourcesBuildPhase;
			buildActionMask = 2147483647;
			files = (
				043387B21F2751A2008E5457 /* LaunchScreen.storyboard in Resources */,
				043387AF1F2751A2008E5457 /* Assets.xcassets in Resources */,
				043387AD1F2751A2008E5457 /* Main.storyboard in Resources */,
			);
			runOnlyForDeploymentPostprocessing = 0;
		};
		043387B61F2751A3008E5457 /* Resources */ = {
			isa = PBXResourcesBuildPhase;
			buildActionMask = 2147483647;
			files = (
			);
			runOnlyForDeploymentPostprocessing = 0;
		};
		043387C11F2751A3008E5457 /* Resources */ = {
			isa = PBXResourcesBuildPhase;
			buildActionMask = 2147483647;
			files = (
			);
			runOnlyForDeploymentPostprocessing = 0;
		};
/* End PBXResourcesBuildPhase section */

/* Begin PBXShellScriptBuildPhase section */
		0C430A2BEAF2FF4DE8E8EC90 /* [CP] Copy Pods Resources */ = {
			isa = PBXShellScriptBuildPhase;
			buildActionMask = 2147483647;
			files = (
			);
			inputPaths = (
			);
			name = "[CP] Copy Pods Resources";
			outputPaths = (
			);
			runOnlyForDeploymentPostprocessing = 0;
			shellPath = /bin/sh;
			shellScript = "\"${SRCROOT}/Pods/Target Support Files/Pods-exampleUITests/Pods-exampleUITests-resources.sh\"\n";
			showEnvVarsInLog = 0;
		};
		0C76A436CC609ED86D67BD6E /* [CP] Copy Pods Resources */ = {
			isa = PBXShellScriptBuildPhase;
			buildActionMask = 2147483647;
			files = (
			);
			inputPaths = (
			);
			name = "[CP] Copy Pods Resources";
			outputPaths = (
			);
			runOnlyForDeploymentPostprocessing = 0;
			shellPath = /bin/sh;
			shellScript = "\"${SRCROOT}/Pods/Target Support Files/Pods-example/Pods-example-resources.sh\"\n";
			showEnvVarsInLog = 0;
		};
		0ED1250C30E2E30AB255B948 /* [CP] Check Pods Manifest.lock */ = {
			isa = PBXShellScriptBuildPhase;
			buildActionMask = 2147483647;
			files = (
			);
			inputPaths = (
			);
			name = "[CP] Check Pods Manifest.lock";
			outputPaths = (
			);
			runOnlyForDeploymentPostprocessing = 0;
			shellPath = /bin/sh;
			shellScript = "diff \"${PODS_PODFILE_DIR_PATH}/Podfile.lock\" \"${PODS_ROOT}/Manifest.lock\" > /dev/null\nif [ $? != 0 ] ; then\n    # print error to STDERR\n    echo \"error: The sandbox is not in sync with the Podfile.lock. Run 'pod install' or update your CocoaPods installation.\" >&2\n    exit 1\nfi\n";
			showEnvVarsInLog = 0;
		};
		0F30AFDEE2AE2133C19BDE85 /* [CP] Embed Pods Frameworks */ = {
			isa = PBXShellScriptBuildPhase;
			buildActionMask = 2147483647;
			files = (
			);
			inputPaths = (
			);
			name = "[CP] Embed Pods Frameworks";
			outputPaths = (
			);
			runOnlyForDeploymentPostprocessing = 0;
			shellPath = /bin/sh;
			shellScript = "\"${SRCROOT}/Pods/Target Support Files/Pods-example/Pods-example-frameworks.sh\"\n";
			showEnvVarsInLog = 0;
		};
		1338E9F21403C48243011882 /* [CP] Embed Pods Frameworks */ = {
			isa = PBXShellScriptBuildPhase;
			buildActionMask = 2147483647;
			files = (
			);
			inputPaths = (
			);
			name = "[CP] Embed Pods Frameworks";
			outputPaths = (
			);
			runOnlyForDeploymentPostprocessing = 0;
			shellPath = /bin/sh;
			shellScript = "\"${SRCROOT}/Pods/Target Support Files/Pods-exampleUITests/Pods-exampleUITests-frameworks.sh\"\n";
			showEnvVarsInLog = 0;
		};
		512B38D764BD1F3A4FF33A71 /* [CP] Check Pods Manifest.lock */ = {
			isa = PBXShellScriptBuildPhase;
			buildActionMask = 2147483647;
			files = (
			);
			inputPaths = (
			);
			name = "[CP] Check Pods Manifest.lock";
			outputPaths = (
			);
			runOnlyForDeploymentPostprocessing = 0;
			shellPath = /bin/sh;
			shellScript = "diff \"${PODS_PODFILE_DIR_PATH}/Podfile.lock\" \"${PODS_ROOT}/Manifest.lock\" > /dev/null\nif [ $? != 0 ] ; then\n    # print error to STDERR\n    echo \"error: The sandbox is not in sync with the Podfile.lock. Run 'pod install' or update your CocoaPods installation.\" >&2\n    exit 1\nfi\n";
			showEnvVarsInLog = 0;
		};
		AF83FE37BFAF56D8703156C2 /* [CP] Check Pods Manifest.lock */ = {
			isa = PBXShellScriptBuildPhase;
			buildActionMask = 2147483647;
			files = (
			);
			inputPaths = (
			);
			name = "[CP] Check Pods Manifest.lock";
			outputPaths = (
			);
			runOnlyForDeploymentPostprocessing = 0;
			shellPath = /bin/sh;
			shellScript = "diff \"${PODS_PODFILE_DIR_PATH}/Podfile.lock\" \"${PODS_ROOT}/Manifest.lock\" > /dev/null\nif [ $? != 0 ] ; then\n    # print error to STDERR\n    echo \"error: The sandbox is not in sync with the Podfile.lock. Run 'pod install' or update your CocoaPods installation.\" >&2\n    exit 1\nfi\n";
			showEnvVarsInLog = 0;
		};
		E779E692792399373E8F3CC1 /* [CP] Embed Pods Frameworks */ = {
			isa = PBXShellScriptBuildPhase;
			buildActionMask = 2147483647;
			files = (
			);
			inputPaths = (
			);
			name = "[CP] Embed Pods Frameworks";
			outputPaths = (
			);
			runOnlyForDeploymentPostprocessing = 0;
			shellPath = /bin/sh;
			shellScript = "\"${SRCROOT}/Pods/Target Support Files/Pods-exampleTests/Pods-exampleTests-frameworks.sh\"\n";
			showEnvVarsInLog = 0;
		};
		FC5CBC28A7A553F77A066092 /* [CP] Copy Pods Resources */ = {
			isa = PBXShellScriptBuildPhase;
			buildActionMask = 2147483647;
			files = (
			);
			inputPaths = (
			);
			name = "[CP] Copy Pods Resources";
			outputPaths = (
			);
			runOnlyForDeploymentPostprocessing = 0;
			shellPath = /bin/sh;
			shellScript = "\"${SRCROOT}/Pods/Target Support Files/Pods-exampleTests/Pods-exampleTests-resources.sh\"\n";
			showEnvVarsInLog = 0;
		};
/* End PBXShellScriptBuildPhase section */

/* Begin PBXSourcesBuildPhase section */
		043387A01F2751A2008E5457 /* Sources */ = {
			isa = PBXSourcesBuildPhase;
			buildActionMask = 2147483647;
			files = (
				043387AA1F2751A2008E5457 /* ViewController.swift in Sources */,
				043387A81F2751A2008E5457 /* AppDelegate.swift in Sources */,
				043387F61F275771008E5457 /* Example.m in Sources */,
			);
			runOnlyForDeploymentPostprocessing = 0;
		};
		043387B41F2751A3008E5457 /* Sources */ = {
			isa = PBXSourcesBuildPhase;
			buildActionMask = 2147483647;
			files = (
				043387BD1F2751A3008E5457 /* exampleTests.swift in Sources */,
			);
			runOnlyForDeploymentPostprocessing = 0;
		};
		043387BF1F2751A3008E5457 /* Sources */ = {
			isa = PBXSourcesBuildPhase;
			buildActionMask = 2147483647;
			files = (
				043387C81F2751A3008E5457 /* exampleUITests.swift in Sources */,
			);
			runOnlyForDeploymentPostprocessing = 0;
		};
/* End PBXSourcesBuildPhase section */

/* Begin PBXTargetDependency section */
		043387BA1F2751A3008E5457 /* PBXTargetDependency */ = {
			isa = PBXTargetDependency;
			target = 043387A31F2751A2008E5457 /* example */;
			targetProxy = 043387B91F2751A3008E5457 /* PBXContainerItemProxy */;
		};
		043387C51F2751A3008E5457 /* PBXTargetDependency */ = {
			isa = PBXTargetDependency;
			target = 043387A31F2751A2008E5457 /* example */;
			targetProxy = 043387C41F2751A3008E5457 /* PBXContainerItemProxy */;
		};
/* End PBXTargetDependency section */

/* Begin PBXVariantGroup section */
		043387AB1F2751A2008E5457 /* Main.storyboard */ = {
			isa = PBXVariantGroup;
			children = (
				043387AC1F2751A2008E5457 /* Base */,
			);
			name = Main.storyboard;
			sourceTree = "<group>";
		};
		043387B01F2751A2008E5457 /* LaunchScreen.storyboard */ = {
			isa = PBXVariantGroup;
			children = (
				043387B11F2751A2008E5457 /* Base */,
			);
			name = LaunchScreen.storyboard;
			sourceTree = "<group>";
		};
/* End PBXVariantGroup section */

/* Begin XCBuildConfiguration section */
		043387CA1F2751A3008E5457 /* Debug */ = {
			isa = XCBuildConfiguration;
			buildSettings = {
				ALWAYS_SEARCH_USER_PATHS = NO;
				CLANG_ANALYZER_NONNULL = YES;
				CLANG_ANALYZER_NUMBER_OBJECT_CONVERSION = YES_AGGRESSIVE;
				CLANG_CXX_LANGUAGE_STANDARD = "gnu++0x";
				CLANG_CXX_LIBRARY = "libc++";
				CLANG_ENABLE_MODULES = YES;
				CLANG_ENABLE_OBJC_ARC = YES;
				CLANG_WARN_BOOL_CONVERSION = YES;
				CLANG_WARN_CONSTANT_CONVERSION = YES;
				CLANG_WARN_DIRECT_OBJC_ISA_USAGE = YES_ERROR;
				CLANG_WARN_DOCUMENTATION_COMMENTS = YES;
				CLANG_WARN_EMPTY_BODY = YES;
				CLANG_WARN_ENUM_CONVERSION = YES;
				CLANG_WARN_INFINITE_RECURSION = YES;
				CLANG_WARN_INT_CONVERSION = YES;
				CLANG_WARN_OBJC_ROOT_CLASS = YES_ERROR;
				CLANG_WARN_SUSPICIOUS_MOVE = YES;
				CLANG_WARN_UNREACHABLE_CODE = YES;
				CLANG_WARN__DUPLICATE_METHOD_MATCH = YES;
				"CODE_SIGN_IDENTITY[sdk=iphoneos*]" = "iPhone Developer";
				COPY_PHASE_STRIP = NO;
				DEBUG_INFORMATION_FORMAT = dwarf;
				ENABLE_STRICT_OBJC_MSGSEND = YES;
				ENABLE_TESTABILITY = YES;
				GCC_C_LANGUAGE_STANDARD = gnu99;
				GCC_DYNAMIC_NO_PIC = NO;
				GCC_NO_COMMON_BLOCKS = YES;
				GCC_OPTIMIZATION_LEVEL = 0;
				GCC_PREPROCESSOR_DEFINITIONS = (
					"DEBUG=1",
					"$(inherited)",
				);
				GCC_WARN_64_TO_32_BIT_CONVERSION = YES;
				GCC_WARN_ABOUT_RETURN_TYPE = YES_ERROR;
				GCC_WARN_UNDECLARED_SELECTOR = YES;
				GCC_WARN_UNINITIALIZED_AUTOS = YES_AGGRESSIVE;
				GCC_WARN_UNUSED_FUNCTION = YES;
				GCC_WARN_UNUSED_VARIABLE = YES;
				IPHONEOS_DEPLOYMENT_TARGET = 10.3;
				MTL_ENABLE_DEBUG_INFO = YES;
				ONLY_ACTIVE_ARCH = YES;
				SDKROOT = iphoneos;
				SWIFT_ACTIVE_COMPILATION_CONDITIONS = DEBUG;
				SWIFT_OPTIMIZATION_LEVEL = "-Onone";
				TARGETED_DEVICE_FAMILY = "1,2";
			};
			name = Debug;
		};
		043387CB1F2751A3008E5457 /* Release */ = {
			isa = XCBuildConfiguration;
			buildSettings = {
				ALWAYS_SEARCH_USER_PATHS = NO;
				CLANG_ANALYZER_NONNULL = YES;
				CLANG_ANALYZER_NUMBER_OBJECT_CONVERSION = YES_AGGRESSIVE;
				CLANG_CXX_LANGUAGE_STANDARD = "gnu++0x";
				CLANG_CXX_LIBRARY = "libc++";
				CLANG_ENABLE_MODULES = YES;
				CLANG_ENABLE_OBJC_ARC = YES;
				CLANG_WARN_BOOL_CONVERSION = YES;
				CLANG_WARN_CONSTANT_CONVERSION = YES;
				CLANG_WARN_DIRECT_OBJC_ISA_USAGE = YES_ERROR;
				CLANG_WARN_DOCUMENTATION_COMMENTS = YES;
				CLANG_WARN_EMPTY_BODY = YES;
				CLANG_WARN_ENUM_CONVERSION = YES;
				CLANG_WARN_INFINITE_RECURSION = YES;
				CLANG_WARN_INT_CONVERSION = YES;
				CLANG_WARN_OBJC_ROOT_CLASS = YES_ERROR;
				CLANG_WARN_SUSPICIOUS_MOVE = YES;
				CLANG_WARN_UNREACHABLE_CODE = YES;
				CLANG_WARN__DUPLICATE_METHOD_MATCH = YES;
				"CODE_SIGN_IDENTITY[sdk=iphoneos*]" = "iPhone Developer";
				COPY_PHASE_STRIP = NO;
				DEBUG_INFORMATION_FORMAT = "dwarf-with-dsym";
				ENABLE_NS_ASSERTIONS = NO;
				ENABLE_STRICT_OBJC_MSGSEND = YES;
				GCC_C_LANGUAGE_STANDARD = gnu99;
				GCC_NO_COMMON_BLOCKS = YES;
				GCC_WARN_64_TO_32_BIT_CONVERSION = YES;
				GCC_WARN_ABOUT_RETURN_TYPE = YES_ERROR;
				GCC_WARN_UNDECLARED_SELECTOR = YES;
				GCC_WARN_UNINITIALIZED_AUTOS = YES_AGGRESSIVE;
				GCC_WARN_UNUSED_FUNCTION = YES;
				GCC_WARN_UNUSED_VARIABLE = YES;
				IPHONEOS_DEPLOYMENT_TARGET = 10.3;
				MTL_ENABLE_DEBUG_INFO = NO;
				SDKROOT = iphoneos;
				SWIFT_OPTIMIZATION_LEVEL = "-Owholemodule";
				TARGETED_DEVICE_FAMILY = "1,2";
				VALIDATE_PRODUCT = YES;
			};
			name = Release;
		};
		043387CD1F2751A3008E5457 /* Debug */ = {
			isa = XCBuildConfiguration;
			baseConfigurationReference = 1FBCF16505CBF483883583FD /* Pods-example.debug.xcconfig */;
			buildSettings = {
				ASSETCATALOG_COMPILER_APPICON_NAME = AppIcon;
				CLANG_ENABLE_MODULES = YES;
				DEVELOPMENT_TEAM = AC52NM64EP;
				INFOPLIST_FILE = example/Info.plist;
				LD_RUNPATH_SEARCH_PATHS = "$(inherited) @executable_path/Frameworks";
				PRODUCT_BUNDLE_IDENTIFIER = com.siliconbear.example;
				PRODUCT_NAME = "$(TARGET_NAME)";
				SWIFT_OBJC_BRIDGING_HEADER = "example/example-Bridging-Header.h";
				SWIFT_OPTIMIZATION_LEVEL = "-Onone";
				SWIFT_VERSION = 3.0;
				USER_HEADER_SEARCH_PATHS = "\"$(SRCROOT)/../../core/deps/include\" \"$(SRCROOT)/../../core/support-lib/objc\" \"$(SRCROOT)/../../core/generated-src/objc\" \"$(SRCROOT)/../../test/src\"";
			};
			name = Debug;
		};
		043387CE1F2751A3008E5457 /* Release */ = {
			isa = XCBuildConfiguration;
			baseConfigurationReference = 1C1C2420A425235E3DEAC613 /* Pods-example.release.xcconfig */;
			buildSettings = {
				ASSETCATALOG_COMPILER_APPICON_NAME = AppIcon;
				CLANG_ENABLE_MODULES = YES;
				DEVELOPMENT_TEAM = AC52NM64EP;
				INFOPLIST_FILE = example/Info.plist;
				LD_RUNPATH_SEARCH_PATHS = "$(inherited) @executable_path/Frameworks";
				PRODUCT_BUNDLE_IDENTIFIER = com.siliconbear.example;
				PRODUCT_NAME = "$(TARGET_NAME)";
				SWIFT_OBJC_BRIDGING_HEADER = "example/example-Bridging-Header.h";
				SWIFT_VERSION = 3.0;
				USER_HEADER_SEARCH_PATHS = "\"$(SRCROOT)/../../core/deps/include\" \"$(SRCROOT)/../../core/support-lib/objc\" \"$(SRCROOT)/../../core/generated-src/objc\" \"$(SRCROOT)/../../test/src\"";
			};
			name = Release;
		};
		043387D01F2751A3008E5457 /* Debug */ = {
			isa = XCBuildConfiguration;
			baseConfigurationReference = E92AA0AA6C47035CBEB14933 /* Pods-exampleTests.debug.xcconfig */;
			buildSettings = {
				ALWAYS_EMBED_SWIFT_STANDARD_LIBRARIES = YES;
				BUNDLE_LOADER = "$(TEST_HOST)";
				DEVELOPMENT_TEAM = AC52NM64EP;
				INFOPLIST_FILE = exampleTests/Info.plist;
				LD_RUNPATH_SEARCH_PATHS = "$(inherited) @executable_path/Frameworks @loader_path/Frameworks";
				PRODUCT_BUNDLE_IDENTIFIER = com.siliconbear.exampleTests;
				PRODUCT_NAME = "$(TARGET_NAME)";
				SWIFT_VERSION = 3.0;
				TEST_HOST = "$(BUILT_PRODUCTS_DIR)/example.app/example";
			};
			name = Debug;
		};
		043387D11F2751A3008E5457 /* Release */ = {
			isa = XCBuildConfiguration;
			baseConfigurationReference = 36D0574485A8EDC9863DB176 /* Pods-exampleTests.release.xcconfig */;
			buildSettings = {
				ALWAYS_EMBED_SWIFT_STANDARD_LIBRARIES = YES;
				BUNDLE_LOADER = "$(TEST_HOST)";
				DEVELOPMENT_TEAM = AC52NM64EP;
				INFOPLIST_FILE = exampleTests/Info.plist;
				LD_RUNPATH_SEARCH_PATHS = "$(inherited) @executable_path/Frameworks @loader_path/Frameworks";
				PRODUCT_BUNDLE_IDENTIFIER = com.siliconbear.exampleTests;
				PRODUCT_NAME = "$(TARGET_NAME)";
				SWIFT_VERSION = 3.0;
				TEST_HOST = "$(BUILT_PRODUCTS_DIR)/example.app/example";
			};
			name = Release;
		};
		043387D31F2751A3008E5457 /* Debug */ = {
			isa = XCBuildConfiguration;
			baseConfigurationReference = 825B838B865BEE638A7AEEFA /* Pods-exampleUITests.debug.xcconfig */;
			buildSettings = {
				ALWAYS_EMBED_SWIFT_STANDARD_LIBRARIES = YES;
				DEVELOPMENT_TEAM = AC52NM64EP;
				INFOPLIST_FILE = exampleUITests/Info.plist;
				LD_RUNPATH_SEARCH_PATHS = "$(inherited) @executable_path/Frameworks @loader_path/Frameworks";
				PRODUCT_BUNDLE_IDENTIFIER = com.siliconbear.exampleUITests;
				PRODUCT_NAME = "$(TARGET_NAME)";
				SWIFT_VERSION = 3.0;
				TEST_TARGET_NAME = example;
			};
			name = Debug;
		};
		043387D41F2751A3008E5457 /* Release */ = {
			isa = XCBuildConfiguration;
			baseConfigurationReference = 5C4EAC35C9C642A396A6E1DA /* Pods-exampleUITests.release.xcconfig */;
			buildSettings = {
				ALWAYS_EMBED_SWIFT_STANDARD_LIBRARIES = YES;
				DEVELOPMENT_TEAM = AC52NM64EP;
				INFOPLIST_FILE = exampleUITests/Info.plist;
				LD_RUNPATH_SEARCH_PATHS = "$(inherited) @executable_path/Frameworks @loader_path/Frameworks";
				PRODUCT_BUNDLE_IDENTIFIER = com.siliconbear.exampleUITests;
				PRODUCT_NAME = "$(TARGET_NAME)";
				SWIFT_VERSION = 3.0;
				TEST_TARGET_NAME = example;
			};
			name = Release;
		};
/* End XCBuildConfiguration section */

/* Begin XCConfigurationList section */
		0433879F1F2751A2008E5457 /* Build configuration list for PBXProject "example" */ = {
			isa = XCConfigurationList;
			buildConfigurations = (
				043387CA1F2751A3008E5457 /* Debug */,
				043387CB1F2751A3008E5457 /* Release */,
			);
			defaultConfigurationIsVisible = 0;
			defaultConfigurationName = Release;
		};
		043387CC1F2751A3008E5457 /* Build configuration list for PBXNativeTarget "example" */ = {
			isa = XCConfigurationList;
			buildConfigurations = (
				043387CD1F2751A3008E5457 /* Debug */,
				043387CE1F2751A3008E5457 /* Release */,
			);
			defaultConfigurationIsVisible = 0;
			defaultConfigurationName = Release;
		};
		043387CF1F2751A3008E5457 /* Build configuration list for PBXNativeTarget "exampleTests" */ = {
			isa = XCConfigurationList;
			buildConfigurations = (
				043387D01F2751A3008E5457 /* Debug */,
				043387D11F2751A3008E5457 /* Release */,
			);
			defaultConfigurationIsVisible = 0;
			defaultConfigurationName = Release;
		};
		043387D21F2751A3008E5457 /* Build configuration list for PBXNativeTarget "exampleUITests" */ = {
			isa = XCConfigurationList;
			buildConfigurations = (
				043387D31F2751A3008E5457 /* Debug */,
				043387D41F2751A3008E5457 /* Release */,
			);
			defaultConfigurationIsVisible = 0;
			defaultConfigurationName = Release;
		};
/* End XCConfigurationList section */
	};
	rootObject = 0433879C1F2751A2008E5457 /* Project object */;
}
